// !$*UTF8*$!
{
	archiveVersion = 1;
	classes = {
	};
	objectVersion = 46;
	objects = {

/* Begin PBXBuildFile section */
		EB87D4341E45FD26002C24F7 /* AppDelegate.swift in Sources */ = {isa = PBXBuildFile; fileRef = EB87D4331E45FD26002C24F7 /* AppDelegate.swift */; };
		EB87D4361E45FD26002C24F7 /* ViewController.swift in Sources */ = {isa = PBXBuildFile; fileRef = EB87D4351E45FD26002C24F7 /* ViewController.swift */; };
		EB87D4391E45FD26002C24F7 /* Main.storyboard in Resources */ = {isa = PBXBuildFile; fileRef = EB87D4371E45FD26002C24F7 /* Main.storyboard */; };
		EB87D43C1E45FD26002C24F7 /* AvaWomenTest.xcdatamodeld in Sources */ = {isa = PBXBuildFile; fileRef = EB87D43A1E45FD26002C24F7 /* AvaWomenTest.xcdatamodeld */; };
		EB87D43E1E45FD26002C24F7 /* Assets.xcassets in Resources */ = {isa = PBXBuildFile; fileRef = EB87D43D1E45FD26002C24F7 /* Assets.xcassets */; };
		EB87D4411E45FD26002C24F7 /* LaunchScreen.storyboard in Resources */ = {isa = PBXBuildFile; fileRef = EB87D43F1E45FD26002C24F7 /* LaunchScreen.storyboard */; };
/* End PBXBuildFile section */

/* Begin PBXFileReference section */
		EB87D4301E45FD26002C24F7 /* AvaWomenTest.app */ = {isa = PBXFileReference; explicitFileType = wrapper.application; includeInIndex = 0; path = AvaWomenTest.app; sourceTree = BUILT_PRODUCTS_DIR; };
		EB87D4331E45FD26002C24F7 /* AppDelegate.swift */ = {isa = PBXFileReference; lastKnownFileType = sourcecode.swift; path = AppDelegate.swift; sourceTree = "<group>"; };
		EB87D4351E45FD26002C24F7 /* ViewController.swift */ = {isa = PBXFileReference; lastKnownFileType = sourcecode.swift; path = ViewController.swift; sourceTree = "<group>"; };
		EB87D4381E45FD26002C24F7 /* Base */ = {isa = PBXFileReference; lastKnownFileType = file.storyboard; name = Base; path = Base.lproj/Main.storyboard; sourceTree = "<group>"; };
		EB87D43B1E45FD26002C24F7 /* AvaWomenTest.xcdatamodel */ = {isa = PBXFileReference; lastKnownFileType = wrapper.xcdatamodel; path = AvaWomenTest.xcdatamodel; sourceTree = "<group>"; };
		EB87D43D1E45FD26002C24F7 /* Assets.xcassets */ = {isa = PBXFileReference; lastKnownFileType = folder.assetcatalog; path = Assets.xcassets; sourceTree = "<group>"; };
		EB87D4401E45FD26002C24F7 /* Base */ = {isa = PBXFileReference; lastKnownFileType = file.storyboard; name = Base; path = Base.lproj/LaunchScreen.storyboard; sourceTree = "<group>"; };
		EB87D4421E45FD26002C24F7 /* Info.plist */ = {isa = PBXFileReference; lastKnownFileType = text.plist.xml; path = Info.plist; sourceTree = "<group>"; };
/* End PBXFileReference section */

/* Begin PBXFrameworksBuildPhase section */
		EB87D42D1E45FD26002C24F7 /* Frameworks */ = {
			isa = PBXFrameworksBuildPhase;
			buildActionMask = 2147483647;
			files = (
			);
			runOnlyForDeploymentPostprocessing = 0;
		};
/* End PBXFrameworksBuildPhase section */

/* Begin PBXGroup section */
		EB87D4271E45FD26002C24F7 = {
			isa = PBXGroup;
			children = (
				EB87D4321E45FD26002C24F7 /* AvaWomenTest */,
				EB87D4311E45FD26002C24F7 /* Products */,
			);
			sourceTree = "<group>";
		};
		EB87D4311E45FD26002C24F7 /* Products */ = {
			isa = PBXGroup;
			children = (
				EB87D4301E45FD26002C24F7 /* AvaWomenTest.app */,
			);
			name = Products;
			sourceTree = "<group>";
		};
		EB87D4321E45FD26002C24F7 /* AvaWomenTest */ = {
			isa = PBXGroup;
			children = (
				EB87D4331E45FD26002C24F7 /* AppDelegate.swift */,
				EB87D4351E45FD26002C24F7 /* ViewController.swift */,
				EB87D4371E45FD26002C24F7 /* Main.storyboard */,
				EB87D43D1E45FD26002C24F7 /* Assets.xcassets */,
				EB87D43F1E45FD26002C24F7 /* LaunchScreen.storyboard */,
				EB87D4421E45FD26002C24F7 /* Info.plist */,
				EB87D43A1E45FD26002C24F7 /* AvaWomenTest.xcdatamodeld */,
			);
			path = AvaWomenTest;
			sourceTree = "<group>";
		};
/* End PBXGroup section */

/* Begin PBXNativeTarget section */
		EB87D42F1E45FD26002C24F7 /* AvaWomenTest */ = {
			isa = PBXNativeTarget;
			buildConfigurationList = EB87D4451E45FD26002C24F7 /* Build configuration list for PBXNativeTarget "AvaWomenTest" */;
			buildPhases = (
				EB87D42C1E45FD26002C24F7 /* Sources */,
				EB87D42D1E45FD26002C24F7 /* Frameworks */,
				EB87D42E1E45FD26002C24F7 /* Resources */,
			);
			buildRules = (
			);
			dependencies = (
			);
			name = AvaWomenTest;
			productName = AvaWomenTest;
			productReference = EB87D4301E45FD26002C24F7 /* AvaWomenTest.app */;
			productType = "com.apple.product-type.application";
		};
/* End PBXNativeTarget section */

/* Begin PBXProject section */
		EB87D4281E45FD26002C24F7 /* Project object */ = {
			isa = PBXProject;
			attributes = {
				LastSwiftUpdateCheck = 0820;
				LastUpgradeCheck = 0820;
				ORGANIZATIONNAME = "Milan Prijic";
				TargetAttributes = {
					EB87D42F1E45FD26002C24F7 = {
						CreatedOnToolsVersion = 8.2.1;
						ProvisioningStyle = Automatic;
					};
				};
			};
			buildConfigurationList = EB87D42B1E45FD26002C24F7 /* Build configuration list for PBXProject "AvaWomenTest" */;
			compatibilityVersion = "Xcode 3.2";
			developmentRegion = English;
			hasScannedForEncodings = 0;
			knownRegions = (
				en,
				Base,
			);
			mainGroup = EB87D4271E45FD26002C24F7;
			productRefGroup = EB87D4311E45FD26002C24F7 /* Products */;
			projectDirPath = "";
			projectRoot = "";
			targets = (
				EB87D42F1E45FD26002C24F7 /* AvaWomenTest */,
			);
		};
/* End PBXProject section */

/* Begin PBXResourcesBuildPhase section */
		EB87D42E1E45FD26002C24F7 /* Resources */ = {
			isa = PBXResourcesBuildPhase;
			buildActionMask = 2147483647;
			files = (
				EB87D4411E45FD26002C24F7 /* LaunchScreen.storyboard in Resources */,
				EB87D43E1E45FD26002C24F7 /* Assets.xcassets in Resources */,
				EB87D4391E45FD26002C24F7 /* Main.storyboard in Resources */,
			);
			runOnlyForDeploymentPostprocessing = 0;
		};
/* End PBXResourcesBuildPhase section */

/* Begin PBXSourcesBuildPhase section */
		EB87D42C1E45FD26002C24F7 /* Sources */ = {
			isa = PBXSourcesBuildPhase;
			buildActionMask = 2147483647;
			files = (
				EB87D43C1E45FD26002C24F7 /* AvaWomenTest.xcdatamodeld in Sources */,
				EB87D4361E45FD26002C24F7 /* ViewController.swift in Sources */,
				EB87D4341E45FD26002C24F7 /* AppDelegate.swift in Sources */,
			);
			runOnlyForDeploymentPostprocessing = 0;
		};
/* End PBXSourcesBuildPhase section */

/* Begin PBXVariantGroup section */
		EB87D4371E45FD26002C24F7 /* Main.storyboard */ = {
			isa = PBXVariantGroup;
			children = (
				EB87D4381E45FD26002C24F7 /* Base */,
			);
			name = Main.storyboard;
			sourceTree = "<group>";
		};
		EB87D43F1E45FD26002C24F7 /* LaunchScreen.storyboard */ = {
			isa = PBXVariantGroup;
			children = (
				EB87D4401E45FD26002C24F7 /* Base */,
			);
			name = LaunchScreen.storyboard;
			sourceTree = "<group>";
		};
/* End PBXVariantGroup section */

/* Begin XCBuildConfiguration section */
		EB87D4431E45FD26002C24F7 /* Debug */ = {
			isa = XCBuildConfiguration;
			buildSettings = {
				ALWAYS_SEARCH_USER_PATHS = NO;
				CLANG_ANALYZER_NONNULL = YES;
				CLANG_CXX_LANGUAGE_STANDARD = "gnu++0x";
				CLANG_CXX_LIBRARY = "libc++";
				CLANG_ENABLE_MODULES = YES;
				CLANG_ENABLE_OBJC_ARC = YES;
				CLANG_WARN_BOOL_CONVERSION = YES;
				CLANG_WARN_CONSTANT_CONVERSION = YES;
				CLANG_WARN_DIRECT_OBJC_ISA_USAGE = YES_ERROR;
				CLANG_WARN_DOCUMENTATION_COMMENTS = YES;
				CLANG_WARN_EMPTY_BODY = YES;
				CLANG_WARN_ENUM_CONVERSION = YES;
				CLANG_WARN_INFINITE_RECURSION = YES;
				CLANG_WARN_INT_CONVERSION = YES;
				CLANG_WARN_OBJC_ROOT_CLASS = YES_ERROR;
				CLANG_WARN_SUSPICIOUS_MOVE = YES;
				CLANG_WARN_UNREACHABLE_CODE = YES;
				CLANG_WARN__DUPLICATE_METHOD_MATCH = YES;
				"CODE_SIGN_IDENTITY[sdk=iphoneos*]" = "iPhone Developer";
				COPY_PHASE_STRIP = NO;
				DEBUG_INFORMATION_FORMAT = dwarf;
				ENABLE_STRICT_OBJC_MSGSEND = YES;
				ENABLE_TESTABILITY = YES;
				GCC_C_LANGUAGE_STANDARD = gnu99;
				GCC_DYNAMIC_NO_PIC = NO;
				GCC_NO_COMMON_BLOCKS = YES;
				GCC_OPTIMIZATION_LEVEL = 0;
				GCC_PREPROCESSOR_DEFINITIONS = (
					"DEBUG=1",
					"$(inherited)",
				);
				GCC_WARN_64_TO_32_BIT_CONVERSION = YES;
				GCC_WARN_ABOUT_RETURN_TYPE = YES_ERROR;
				GCC_WARN_UNDECLARED_SELECTOR = YES;
				GCC_WARN_UNINITIALIZED_AUTOS = YES_AGGRESSIVE;
				GCC_WARN_UNUSED_FUNCTION = YES;
				GCC_WARN_UNUSED_VARIABLE = YES;
				IPHONEOS_DEPLOYMENT_TARGET = 10.2;
				MTL_ENABLE_DEBUG_INFO = YES;
				ONLY_ACTIVE_ARCH = YES;
				SDKROOT = iphoneos;
				SWIFT_ACTIVE_COMPILATION_CONDITIONS = DEBUG;
				SWIFT_OPTIMIZATION_LEVEL = "-Onone";
				TARGETED_DEVICE_FAMILY = "1,2";
			};
			name = Debug;
		};
		EB87D4441E45FD26002C24F7 /* Release */ = {
			isa = XCBuildConfiguration;
			buildSettings = {
				ALWAYS_SEARCH_USER_PATHS = NO;
				CLANG_ANALYZER_NONNULL = YES;
				CLANG_CXX_LANGUAGE_STANDARD = "gnu++0x";
				CLANG_CXX_LIBRARY = "libc++";
				CLANG_ENABLE_MODULES = YES;
				CLANG_ENABLE_OBJC_ARC = YES;
				CLANG_WARN_BOOL_CONVERSION = YES;
				CLANG_WARN_CONSTANT_CONVERSION = YES;
				CLANG_WARN_DIRECT_OBJC_ISA_USAGE = YES_ERROR;
				CLANG_WARN_DOCUMENTATION_COMMENTS = YES;
				CLANG_WARN_EMPTY_BODY = YES;
				CLANG_WARN_ENUM_CONVERSION = YES;
				CLANG_WARN_INFINITE_RECURSION = YES;
				CLANG_WARN_INT_CONVERSION = YES;
				CLANG_WARN_OBJC_ROOT_CLASS = YES_ERROR;
				CLANG_WARN_SUSPICIOUS_MOVE = YES;
				CLANG_WARN_UNREACHABLE_CODE = YES;
				CLANG_WARN__DUPLICATE_METHOD_MATCH = YES;
				"CODE_SIGN_IDENTITY[sdk=iphoneos*]" = "iPhone Developer";
				COPY_PHASE_STRIP = NO;
				DEBUG_INFORMATION_FORMAT = "dwarf-with-dsym";
				ENABLE_NS_ASSERTIONS = NO;
				ENABLE_STRICT_OBJC_MSGSEND = YES;
				GCC_C_LANGUAGE_STANDARD = gnu99;
				GCC_NO_COMMON_BLOCKS = YES;
				GCC_WARN_64_TO_32_BIT_CONVERSION = YES;
				GCC_WARN_ABOUT_RETURN_TYPE = YES_ERROR;
				GCC_WARN_UNDECLARED_SELECTOR = YES;
				GCC_WARN_UNINITIALIZED_AUTOS = YES_AGGRESSIVE;
				GCC_WARN_UNUSED_FUNCTION = YES;
				GCC_WARN_UNUSED_VARIABLE = YES;
				IPHONEOS_DEPLOYMENT_TARGET = 10.2;
				MTL_ENABLE_DEBUG_INFO = NO;
				SDKROOT = iphoneos;
				SWIFT_OPTIMIZATION_LEVEL = "-Owholemodule";
				TARGETED_DEVICE_FAMILY = "1,2";
				VALIDATE_PRODUCT = YES;
			};
			name = Release;
		};
		EB87D4461E45FD26002C24F7 /* Debug */ = {
			isa = XCBuildConfiguration;
			buildSettings = {
				ASSETCATALOG_COMPILER_APPICON_NAME = AppIcon;
				INFOPLIST_FILE = AvaWomenTest/Info.plist;
				LD_RUNPATH_SEARCH_PATHS = "$(inherited) @executable_path/Frameworks";
				PRODUCT_BUNDLE_IDENTIFIER = com.avawomen.AvaWomenTest;
				PRODUCT_NAME = "$(TARGET_NAME)";
				SWIFT_VERSION = 3.0;
			};
			name = Debug;
		};
		EB87D4471E45FD26002C24F7 /* Release */ = {
			isa = XCBuildConfiguration;
			buildSettings = {
				ASSETCATALOG_COMPILER_APPICON_NAME = AppIcon;
				INFOPLIST_FILE = AvaWomenTest/Info.plist;
				LD_RUNPATH_SEARCH_PATHS = "$(inherited) @executable_path/Frameworks";
				PRODUCT_BUNDLE_IDENTIFIER = com.avawomen.AvaWomenTest;
				PRODUCT_NAME = "$(TARGET_NAME)";
				SWIFT_VERSION = 3.0;
			};
			name = Release;
		};
/* End XCBuildConfiguration section */

/* Begin XCConfigurationList section */
		EB87D42B1E45FD26002C24F7 /* Build configuration list for PBXProject "AvaWomenTest" */ = {
			isa = XCConfigurationList;
			buildConfigurations = (
				EB87D4431E45FD26002C24F7 /* Debug */,
				EB87D4441E45FD26002C24F7 /* Release */,
			);
			defaultConfigurationIsVisible = 0;
			defaultConfigurationName = Release;
		};
		EB87D4451E45FD26002C24F7 /* Build configuration list for PBXNativeTarget "AvaWomenTest" */ = {
			isa = XCConfigurationList;
			buildConfigurations = (
				EB87D4461E45FD26002C24F7 /* Debug */,
				EB87D4471E45FD26002C24F7 /* Release */,
			);
			defaultConfigurationIsVisible = 0;
		};
/* End XCConfigurationList section */

/* Begin XCVersionGroup section */
		EB87D43A1E45FD26002C24F7 /* AvaWomenTest.xcdatamodeld */ = {
			isa = XCVersionGroup;
			children = (
				EB87D43B1E45FD26002C24F7 /* AvaWomenTest.xcdatamodel */,
			);
			currentVersion = EB87D43B1E45FD26002C24F7 /* AvaWomenTest.xcdatamodel */;
			path = AvaWomenTest.xcdatamodeld;
			sourceTree = "<group>";
			versionGroupType = wrapper.xcdatamodel;
		};
/* End XCVersionGroup section */
	};
	rootObject = EB87D4281E45FD26002C24F7 /* Project object */;
}
